// !$*UTF8*$!
{
	archiveVersion = 1;
	classes = {
	};
	objectVersion = 55;
	objects = {

/* Begin PBXBuildFile section */
		25E1BEE027D6D88F0042A968 /* LuizClaro_N01459385_A1App.swift in Sources */ = {isa = PBXBuildFile; fileRef = 25E1BEDF27D6D88F0042A968 /* LuizClaro_N01459385_A1App.swift */; };
		25E1BEE227D6D88F0042A968 /* WalkthroughView.swift in Sources */ = {isa = PBXBuildFile; fileRef = 25E1BEE127D6D88F0042A968 /* WalkthroughView.swift */; };
		25E1BEE427D6D8910042A968 /* Assets.xcassets in Resources */ = {isa = PBXBuildFile; fileRef = 25E1BEE327D6D8910042A968 /* Assets.xcassets */; };
		25E1BEE727D6D8910042A968 /* Preview Assets.xcassets in Resources */ = {isa = PBXBuildFile; fileRef = 25E1BEE627D6D8910042A968 /* Preview Assets.xcassets */; };
		25E1BEF027D6DDA70042A968 /* ScaleFactor.swift in Sources */ = {isa = PBXBuildFile; fileRef = 25E1BEEF27D6DDA70042A968 /* ScaleFactor.swift */; };
		25E1BEF227D6DDBD0042A968 /* LaunchView.swift in Sources */ = {isa = PBXBuildFile; fileRef = 25E1BEF127D6DDBD0042A968 /* LaunchView.swift */; };
		25E1BF0327D72FFB0042A968 /* LoginView.swift in Sources */ = {isa = PBXBuildFile; fileRef = 25E1BF0227D72FFB0042A968 /* LoginView.swift */; };
/* End PBXBuildFile section */

/* Begin PBXFileReference section */
		25E1BEDC27D6D88F0042A968 /* LuizClaro_N01459385_A1.app */ = {isa = PBXFileReference; explicitFileType = wrapper.application; includeInIndex = 0; path = LuizClaro_N01459385_A1.app; sourceTree = BUILT_PRODUCTS_DIR; };
		25E1BEDF27D6D88F0042A968 /* LuizClaro_N01459385_A1App.swift */ = {isa = PBXFileReference; lastKnownFileType = sourcecode.swift; path = LuizClaro_N01459385_A1App.swift; sourceTree = "<group>"; };
		25E1BEE127D6D88F0042A968 /* WalkthroughView.swift */ = {isa = PBXFileReference; lastKnownFileType = sourcecode.swift; path = WalkthroughView.swift; sourceTree = "<group>"; };
		25E1BEE327D6D8910042A968 /* Assets.xcassets */ = {isa = PBXFileReference; lastKnownFileType = folder.assetcatalog; path = Assets.xcassets; sourceTree = "<group>"; };
		25E1BEE627D6D8910042A968 /* Preview Assets.xcassets */ = {isa = PBXFileReference; lastKnownFileType = folder.assetcatalog; path = "Preview Assets.xcassets"; sourceTree = "<group>"; };
		25E1BEEF27D6DDA70042A968 /* ScaleFactor.swift */ = {isa = PBXFileReference; lastKnownFileType = sourcecode.swift; path = ScaleFactor.swift; sourceTree = "<group>"; };
		25E1BEF127D6DDBD0042A968 /* LaunchView.swift */ = {isa = PBXFileReference; lastKnownFileType = sourcecode.swift; path = LaunchView.swift; sourceTree = "<group>"; };
		25E1BF0227D72FFB0042A968 /* LoginView.swift */ = {isa = PBXFileReference; lastKnownFileType = sourcecode.swift; path = LoginView.swift; sourceTree = "<group>"; };
/* End PBXFileReference section */

/* Begin PBXFrameworksBuildPhase section */
		25E1BED927D6D88F0042A968 /* Frameworks */ = {
			isa = PBXFrameworksBuildPhase;
			buildActionMask = 2147483647;
			files = (
			);
			runOnlyForDeploymentPostprocessing = 0;
		};
/* End PBXFrameworksBuildPhase section */

/* Begin PBXGroup section */
		25E1BED327D6D88F0042A968 = {
			isa = PBXGroup;
			children = (
				25E1BEDE27D6D88F0042A968 /* LuizClaro_N01459385_A1 */,
				25E1BEDD27D6D88F0042A968 /* Products */,
			);
			sourceTree = "<group>";
		};
		25E1BEDD27D6D88F0042A968 /* Products */ = {
			isa = PBXGroup;
			children = (
				25E1BEDC27D6D88F0042A968 /* LuizClaro_N01459385_A1.app */,
			);
			name = Products;
			sourceTree = "<group>";
		};
		25E1BEDE27D6D88F0042A968 /* LuizClaro_N01459385_A1 */ = {
			isa = PBXGroup;
			children = (
				25E1BEEE27D6DD8A0042A968 /* Models */,
				25E1BEED27D6DD7C0042A968 /* Views */,
				25E1BEDF27D6D88F0042A968 /* LuizClaro_N01459385_A1App.swift */,
				25E1BEE327D6D8910042A968 /* Assets.xcassets */,
				25E1BEE527D6D8910042A968 /* Preview Content */,
			);
			path = LuizClaro_N01459385_A1;
			sourceTree = "<group>";
		};
		25E1BEE527D6D8910042A968 /* Preview Content */ = {
			isa = PBXGroup;
			children = (
				25E1BEE627D6D8910042A968 /* Preview Assets.xcassets */,
			);
			path = "Preview Content";
			sourceTree = "<group>";
		};
		25E1BEED27D6DD7C0042A968 /* Views */ = {
			isa = PBXGroup;
			children = (
				25E1BEE127D6D88F0042A968 /* WalkthroughView.swift */,
				25E1BEF127D6DDBD0042A968 /* LaunchView.swift */,
				25E1BF0227D72FFB0042A968 /* LoginView.swift */,
			);
			path = Views;
			sourceTree = "<group>";
		};
		25E1BEEE27D6DD8A0042A968 /* Models */ = {
			isa = PBXGroup;
			children = (
				25E1BEEF27D6DDA70042A968 /* ScaleFactor.swift */,
			);
			path = Models;
			sourceTree = "<group>";
		};
/* End PBXGroup section */

/* Begin PBXNativeTarget section */
		25E1BEDB27D6D88F0042A968 /* LuizClaro_N01459385_A1 */ = {
			isa = PBXNativeTarget;
			buildConfigurationList = 25E1BEEA27D6D8910042A968 /* Build configuration list for PBXNativeTarget "LuizClaro_N01459385_A1" */;
			buildPhases = (
				25E1BED827D6D88F0042A968 /* Sources */,
				25E1BED927D6D88F0042A968 /* Frameworks */,
				25E1BEDA27D6D88F0042A968 /* Resources */,
			);
			buildRules = (
			);
			dependencies = (
			);
			name = LuizClaro_N01459385_A1;
			productName = LuizClaro_N01459385_A1;
			productReference = 25E1BEDC27D6D88F0042A968 /* LuizClaro_N01459385_A1.app */;
			productType = "com.apple.product-type.application";
		};
/* End PBXNativeTarget section */

/* Begin PBXProject section */
		25E1BED427D6D88F0042A968 /* Project object */ = {
			isa = PBXProject;
			attributes = {
				BuildIndependentTargetsInParallel = 1;
				LastSwiftUpdateCheck = 1320;
				LastUpgradeCheck = 1320;
				TargetAttributes = {
					25E1BEDB27D6D88F0042A968 = {
						CreatedOnToolsVersion = 13.2.1;
					};
				};
			};
			buildConfigurationList = 25E1BED727D6D88F0042A968 /* Build configuration list for PBXProject "LuizClaro_N01459385_A1" */;
			compatibilityVersion = "Xcode 13.0";
			developmentRegion = en;
			hasScannedForEncodings = 0;
			knownRegions = (
				en,
				Base,
			);
			mainGroup = 25E1BED327D6D88F0042A968;
			productRefGroup = 25E1BEDD27D6D88F0042A968 /* Products */;
			projectDirPath = "";
			projectRoot = "";
			targets = (
				25E1BEDB27D6D88F0042A968 /* LuizClaro_N01459385_A1 */,
			);
		};
/* End PBXProject section */

/* Begin PBXResourcesBuildPhase section */
		25E1BEDA27D6D88F0042A968 /* Resources */ = {
			isa = PBXResourcesBuildPhase;
			buildActionMask = 2147483647;
			files = (
				25E1BEE727D6D8910042A968 /* Preview Assets.xcassets in Resources */,
				25E1BEE427D6D8910042A968 /* Assets.xcassets in Resources */,
			);
			runOnlyForDeploymentPostprocessing = 0;
		};
/* End PBXResourcesBuildPhase section */

/* Begin PBXSourcesBuildPhase section */
		25E1BED827D6D88F0042A968 /* Sources */ = {
			isa = PBXSourcesBuildPhase;
			buildActionMask = 2147483647;
			files = (
				25E1BEF027D6DDA70042A968 /* ScaleFactor.swift in Sources */,
				25E1BEF227D6DDBD0042A968 /* LaunchView.swift in Sources */,
				25E1BEE227D6D88F0042A968 /* WalkthroughView.swift in Sources */,
				25E1BF0327D72FFB0042A968 /* LoginView.swift in Sources */,
				25E1BEE027D6D88F0042A968 /* LuizClaro_N01459385_A1App.swift in Sources */,
			);
			runOnlyForDeploymentPostprocessing = 0;
		};
/* End PBXSourcesBuildPhase section */

/* Begin XCBuildConfiguration section */
		25E1BEE827D6D8910042A968 /* Debug */ = {
			isa = XCBuildConfiguration;
			buildSettings = {
				ALWAYS_SEARCH_USER_PATHS = NO;
				CLANG_ANALYZER_NONNULL = YES;
				CLANG_ANALYZER_NUMBER_OBJECT_CONVERSION = YES_AGGRESSIVE;
				CLANG_CXX_LANGUAGE_STANDARD = "gnu++17";
				CLANG_CXX_LIBRARY = "libc++";
				CLANG_ENABLE_MODULES = YES;
				CLANG_ENABLE_OBJC_ARC = YES;
				CLANG_ENABLE_OBJC_WEAK = YES;
				CLANG_WARN_BLOCK_CAPTURE_AUTORELEASING = YES;
				CLANG_WARN_BOOL_CONVERSION = YES;
				CLANG_WARN_COMMA = YES;
				CLANG_WARN_CONSTANT_CONVERSION = YES;
				CLANG_WARN_DEPRECATED_OBJC_IMPLEMENTATIONS = YES;
				CLANG_WARN_DIRECT_OBJC_ISA_USAGE = YES_ERROR;
				CLANG_WARN_DOCUMENTATION_COMMENTS = YES;
				CLANG_WARN_EMPTY_BODY = YES;
				CLANG_WARN_ENUM_CONVERSION = YES;
				CLANG_WARN_INFINITE_RECURSION = YES;
				CLANG_WARN_INT_CONVERSION = YES;
				CLANG_WARN_NON_LITERAL_NULL_CONVERSION = YES;
				CLANG_WARN_OBJC_IMPLICIT_RETAIN_SELF = YES;
				CLANG_WARN_OBJC_LITERAL_CONVERSION = YES;
				CLANG_WARN_OBJC_ROOT_CLASS = YES_ERROR;
				CLANG_WARN_QUOTED_INCLUDE_IN_FRAMEWORK_HEADER = YES;
				CLANG_WARN_RANGE_LOOP_ANALYSIS = YES;
				CLANG_WARN_STRICT_PROTOTYPES = YES;
				CLANG_WARN_SUSPICIOUS_MOVE = YES;
				CLANG_WARN_UNGUARDED_AVAILABILITY = YES_AGGRESSIVE;
				CLANG_WARN_UNREACHABLE_CODE = YES;
				CLANG_WARN__DUPLICATE_METHOD_MATCH = YES;
				COPY_PHASE_STRIP = NO;
				DEBUG_INFORMATION_FORMAT = dwarf;
				ENABLE_STRICT_OBJC_MSGSEND = YES;
				ENABLE_TESTABILITY = YES;
				GCC_C_LANGUAGE_STANDARD = gnu11;
				GCC_DYNAMIC_NO_PIC = NO;
				GCC_NO_COMMON_BLOCKS = YES;
				GCC_OPTIMIZATION_LEVEL = 0;
				GCC_PREPROCESSOR_DEFINITIONS = (
					"DEBUG=1",
					"$(inherited)",
				);
				GCC_WARN_64_TO_32_BIT_CONVERSION = YES;
				GCC_WARN_ABOUT_RETURN_TYPE = YES_ERROR;
				GCC_WARN_UNDECLARED_SELECTOR = YES;
				GCC_WARN_UNINITIALIZED_AUTOS = YES_AGGRESSIVE;
				GCC_WARN_UNUSED_FUNCTION = YES;
				GCC_WARN_UNUSED_VARIABLE = YES;
				IPHONEOS_DEPLOYMENT_TARGET = 15.2;
				MTL_ENABLE_DEBUG_INFO = INCLUDE_SOURCE;
				MTL_FAST_MATH = YES;
				ONLY_ACTIVE_ARCH = YES;
				SDKROOT = iphoneos;
				SWIFT_ACTIVE_COMPILATION_CONDITIONS = DEBUG;
				SWIFT_OPTIMIZATION_LEVEL = "-Onone";
			};
			name = Debug;
		};
		25E1BEE927D6D8910042A968 /* Release */ = {
			isa = XCBuildConfiguration;
			buildSettings = {
				ALWAYS_SEARCH_USER_PATHS = NO;
				CLANG_ANALYZER_NONNULL = YES;
				CLANG_ANALYZER_NUMBER_OBJECT_CONVERSION = YES_AGGRESSIVE;
				CLANG_CXX_LANGUAGE_STANDARD = "gnu++17";
				CLANG_CXX_LIBRARY = "libc++";
				CLANG_ENABLE_MODULES = YES;
				CLANG_ENABLE_OBJC_ARC = YES;
				CLANG_ENABLE_OBJC_WEAK = YES;
				CLANG_WARN_BLOCK_CAPTURE_AUTORELEASING = YES;
				CLANG_WARN_BOOL_CONVERSION = YES;
				CLANG_WARN_COMMA = YES;
				CLANG_WARN_CONSTANT_CONVERSION = YES;
				CLANG_WARN_DEPRECATED_OBJC_IMPLEMENTATIONS = YES;
				CLANG_WARN_DIRECT_OBJC_ISA_USAGE = YES_ERROR;
				CLANG_WARN_DOCUMENTATION_COMMENTS = YES;
				CLANG_WARN_EMPTY_BODY = YES;
				CLANG_WARN_ENUM_CONVERSION = YES;
				CLANG_WARN_INFINITE_RECURSION = YES;
				CLANG_WARN_INT_CONVERSION = YES;
				CLANG_WARN_NON_LITERAL_NULL_CONVERSION = YES;
				CLANG_WARN_OBJC_IMPLICIT_RETAIN_SELF = YES;
				CLANG_WARN_OBJC_LITERAL_CONVERSION = YES;
				CLANG_WARN_OBJC_ROOT_CLASS = YES_ERROR;
				CLANG_WARN_QUOTED_INCLUDE_IN_FRAMEWORK_HEADER = YES;
				CLANG_WARN_RANGE_LOOP_ANALYSIS = YES;
				CLANG_WARN_STRICT_PROTOTYPES = YES;
				CLANG_WARN_SUSPICIOUS_MOVE = YES;
				CLANG_WARN_UNGUARDED_AVAILABILITY = YES_AGGRESSIVE;
				CLANG_WARN_UNREACHABLE_CODE = YES;
				CLANG_WARN__DUPLICATE_METHOD_MATCH = YES;
				COPY_PHASE_STRIP = NO;
				DEBUG_INFORMATION_FORMAT = "dwarf-with-dsym";
				ENABLE_NS_ASSERTIONS = NO;
				ENABLE_STRICT_OBJC_MSGSEND = YES;
				GCC_C_LANGUAGE_STANDARD = gnu11;
				GCC_NO_COMMON_BLOCKS = YES;
				GCC_WARN_64_TO_32_BIT_CONVERSION = YES;
				GCC_WARN_ABOUT_RETURN_TYPE = YES_ERROR;
				GCC_WARN_UNDECLARED_SELECTOR = YES;
				GCC_WARN_UNINITIALIZED_AUTOS = YES_AGGRESSIVE;
				GCC_WARN_UNUSED_FUNCTION = YES;
				GCC_WARN_UNUSED_VARIABLE = YES;
				IPHONEOS_DEPLOYMENT_TARGET = 15.2;
				MTL_ENABLE_DEBUG_INFO = NO;
				MTL_FAST_MATH = YES;
				SDKROOT = iphoneos;
				SWIFT_COMPILATION_MODE = wholemodule;
				SWIFT_OPTIMIZATION_LEVEL = "-O";
				VALIDATE_PRODUCT = YES;
			};
			name = Release;
		};
		25E1BEEB27D6D8910042A968 /* Debug */ = {
			isa = XCBuildConfiguration;
			buildSettings = {
				ASSETCATALOG_COMPILER_APPICON_NAME = AppIcon;
				ASSETCATALOG_COMPILER_GLOBAL_ACCENT_COLOR_NAME = AccentColor;
				CODE_SIGN_STYLE = Automatic;
				CURRENT_PROJECT_VERSION = 1;
				DEVELOPMENT_ASSET_PATHS = "\"LuizClaro_N01459385_A1/Preview Content\"";
				DEVELOPMENT_TEAM = W55N9X4F39;
				ENABLE_PREVIEWS = YES;
				GENERATE_INFOPLIST_FILE = YES;
				INFOPLIST_KEY_UIApplicationSceneManifest_Generation = YES;
				INFOPLIST_KEY_UIApplicationSupportsIndirectInputEvents = YES;
				INFOPLIST_KEY_UILaunchScreen_Generation = YES;
				INFOPLIST_KEY_UISupportedInterfaceOrientations_iPad = "UIInterfaceOrientationPortrait UIInterfaceOrientationPortraitUpsideDown UIInterfaceOrientationLandscapeLeft UIInterfaceOrientationLandscapeRight";
				INFOPLIST_KEY_UISupportedInterfaceOrientations_iPhone = "UIInterfaceOrientationPortrait UIInterfaceOrientationLandscapeLeft UIInterfaceOrientationLandscapeRight";
				LD_RUNPATH_SEARCH_PATHS = (
					"$(inherited)",
					"@executable_path/Frameworks",
				);
				MARKETING_VERSION = 1.0;
				PRODUCT_BUNDLE_IDENTIFIER = "myself.LuizClaro-N01459385-A1";
				PRODUCT_NAME = "$(TARGET_NAME)";
				SWIFT_EMIT_LOC_STRINGS = YES;
				SWIFT_VERSION = 5.0;
				TARGETED_DEVICE_FAMILY = "1,2";
			};
			name = Debug;
		};
		25E1BEEC27D6D8910042A968 /* Release */ = {
			isa = XCBuildConfiguration;
			buildSettings = {
				ASSETCATALOG_COMPILER_APPICON_NAME = AppIcon;
				ASSETCATALOG_COMPILER_GLOBAL_ACCENT_COLOR_NAME = AccentColor;
				CODE_SIGN_STYLE = Automatic;
				CURRENT_PROJECT_VERSION = 1;
				DEVELOPMENT_ASSET_PATHS = "\"LuizClaro_N01459385_A1/Preview Content\"";
				DEVELOPMENT_TEAM = W55N9X4F39;
				ENABLE_PREVIEWS = YES;
				GENERATE_INFOPLIST_FILE = YES;
				INFOPLIST_KEY_UIApplicationSceneManifest_Generation = YES;
				INFOPLIST_KEY_UIApplicationSupportsIndirectInputEvents = YES;
				INFOPLIST_KEY_UILaunchScreen_Generation = YES;
				INFOPLIST_KEY_UISupportedInterfaceOrientations_iPad = "UIInterfaceOrientationPortrait UIInterfaceOrientationPortraitUpsideDown UIInterfaceOrientationLandscapeLeft UIInterfaceOrientationLandscapeRight";
				INFOPLIST_KEY_UISupportedInterfaceOrientations_iPhone = "UIInterfaceOrientationPortrait UIInterfaceOrientationLandscapeLeft UIInterfaceOrientationLandscapeRight";
				LD_RUNPATH_SEARCH_PATHS = (
					"$(inherited)",
					"@executable_path/Frameworks",
				);
				MARKETING_VERSION = 1.0;
				PRODUCT_BUNDLE_IDENTIFIER = "myself.LuizClaro-N01459385-A1";
				PRODUCT_NAME = "$(TARGET_NAME)";
				SWIFT_EMIT_LOC_STRINGS = YES;
				SWIFT_VERSION = 5.0;
				TARGETED_DEVICE_FAMILY = "1,2";
			};
			name = Release;
		};
/* End XCBuildConfiguration section */

/* Begin XCConfigurationList section */
		25E1BED727D6D88F0042A968 /* Build configuration list for PBXProject "LuizClaro_N01459385_A1" */ = {
			isa = XCConfigurationList;
			buildConfigurations = (
				25E1BEE827D6D8910042A968 /* Debug */,
				25E1BEE927D6D8910042A968 /* Release */,
			);
			defaultConfigurationIsVisible = 0;
			defaultConfigurationName = Release;
		};
		25E1BEEA27D6D8910042A968 /* Build configuration list for PBXNativeTarget "LuizClaro_N01459385_A1" */ = {
			isa = XCConfigurationList;
			buildConfigurations = (
				25E1BEEB27D6D8910042A968 /* Debug */,
				25E1BEEC27D6D8910042A968 /* Release */,
			);
			defaultConfigurationIsVisible = 0;
			defaultConfigurationName = Release;
		};
/* End XCConfigurationList section */
	};
	rootObject = 25E1BED427D6D88F0042A968 /* Project object */;
}
